{
  "name": "fast-xml-parser-benchmarks",
  "lockfileVersion": 3,
  "requires": true,
  "packages": {
    "": {
      "name": "fast-xml-parser-benchmarks",
      "dependencies": {
        "fast-xml-parser": "5.3.0",
        "fast-xml-parser-optimized": "github:macieklamberski/fast-xml-parser#perf/optimize-wildcard-stopnodes"
      }
    },
    "node_modules/fast-xml-parser": {
      "version": "5.3.0",
      "resolved": "https://registry.npmjs.org/fast-xml-parser/-/fast-xml-parser-5.3.0.tgz",
      "integrity": "sha512-gkWGshjYcQCF+6qtlrqBqELqNqnt4CxruY6UVAWWnqb3DQ6qaNFEIKqzYep1XzHLM/QtrHVCxyPOtTk4LTQ7Aw==",
      "funding": [
        {
          "type": "github",
          "url": "https://github.com/sponsors/NaturalIntelligence"
        }
      ],
      "license": "MIT",
      "dependencies": {
        "strnum": "^2.1.0"
      },
      "bin": {
        "fxparser": "src/cli/cli.js"
      }
    },
    "node_modules/fast-xml-parser-optimized": {
      "name": "fast-xml-parser",
      "version": "5.3.0",
      "resolved": "git+ssh://git@github.com/macieklamberski/fast-xml-parser.git#b49debc9f7620dea00249453d13589778b8276f8",
      "funding": [
        {
          "type": "github",
          "url": "https://github.com/sponsors/NaturalIntelligence"
        }
      ],
      "license": "MIT",
      "dependencies": {
        "strnum": "^2.1.0"
      },
      "bin": {
        "fxparser": "src/cli/cli.js"
      }
    },
    "node_modules/strnum": {
      "version": "2.1.1",
      "resolved": "https://registry.npmjs.org/strnum/-/strnum-2.1.1.tgz",
      "integrity": "sha512-7ZvoFTiCnGxBtDqJ//Cu6fWtZtc7Y3x+QOirG15wztbdngGSkht27o2pyGWrVy0b4WAy3jbKmnoK6g5VlVNUUw==",
      "funding": [
        {
          "type": "github",
          "url": "https://github.com/sponsors/NaturalIntelligence"
        }
      ],
      "license": "MIT"
    }
  }
}
